
Microsoft Visual Studio Solution File, Format Version 12.00
# Visual Studio 14
VisualStudioVersion = 14.0.25420.1
MinimumVisualStudioVersion = 10.0.40219.1
Project("{2150E333-8FDC-42A3-9474-1A3956D46DE8}") = "Resources", "Resources", "{5CE84C5A-C956-430F-8A07-F92072267D16}"
EndProject
Project("{2150E333-8FDC-42A3-9474-1A3956D46DE8}") = "Json", "Json", "{AFAB6512-A695-40CB-B443-6696E2ADD371}"
EndProject
Project("{2150E333-8FDC-42A3-9474-1A3956D46DE8}") = "Bestiaire", "Bestiaire", "{BB2DD1B8-ADD4-47B5-AE68-0A35D6E90FBE}"
	ProjectSection(SolutionItems) = preProject
		Resources\Json\Bestiaire\bestiaire_10E.json = Resources\Json\Bestiaire\bestiaire_10E.json
		Resources\Json\Bestiaire\bestiaire_4E.json = Resources\Json\Bestiaire\bestiaire_4E.json
		Resources\Json\Bestiaire\bestiaire_5E.json = Resources\Json\Bestiaire\bestiaire_5E.json
		Resources\Json\Bestiaire\bestiaire_6E.json = Resources\Json\Bestiaire\bestiaire_6E.json
		Resources\Json\Bestiaire\bestiaire_7E.json = Resources\Json\Bestiaire\bestiaire_7E.json
		Resources\Json\Bestiaire\bestiaire_8E.json = Resources\Json\Bestiaire\bestiaire_8E.json
		Resources\Json\Bestiaire\bestiaire_9E.json = Resources\Json\Bestiaire\bestiaire_9E.json
		Resources\Json\Bestiaire\bestiaire_A.json = Resources\Json\Bestiaire\bestiaire_A.json
		Resources\Json\Bestiaire\bestiaire_AL.json = Resources\Json\Bestiaire\bestiaire_AL.json
		Resources\Json\Bestiaire\bestiaire_ALA.json = Resources\Json\Bestiaire\bestiaire_ALA.json
		Resources\Json\Bestiaire\bestiaire_AN.json = Resources\Json\Bestiaire\bestiaire_AN.json
		Resources\Json\Bestiaire\bestiaire_AP.json = Resources\Json\Bestiaire\bestiaire_AP.json
		Resources\Json\Bestiaire\bestiaire_AQ.json = Resources\Json\Bestiaire\bestiaire_AQ.json
		Resources\Json\Bestiaire\bestiaire_AVR.json = Resources\Json\Bestiaire\bestiaire_AVR.json
		Resources\Json\Bestiaire\bestiaire_B.json = Resources\Json\Bestiaire\bestiaire_B.json
		Resources\Json\Bestiaire\bestiaire_BD.json = Resources\Json\Bestiaire\bestiaire_BD.json
		Resources\Json\Bestiaire\bestiaire_BFZ.json = Resources\Json\Bestiaire\bestiaire_BFZ.json
		Resources\Json\Bestiaire\bestiaire_BNG.json = Resources\Json\Bestiaire\bestiaire_BNG.json
		Resources\Json\Bestiaire\bestiaire_BOK.json = Resources\Json\Bestiaire\bestiaire_BOK.json
		Resources\Json\Bestiaire\bestiaire_BR.json = Resources\Json\Bestiaire\bestiaire_BR.json
		Resources\Json\Bestiaire\bestiaire_CFX.json = Resources\Json\Bestiaire\bestiaire_CFX.json
		Resources\Json\Bestiaire\bestiaire_CH.json = Resources\Json\Bestiaire\bestiaire_CH.json
		Resources\Json\Bestiaire\bestiaire_CHK.json = Resources\Json\Bestiaire\bestiaire_CHK.json
		Resources\Json\Bestiaire\bestiaire_CS.json = Resources\Json\Bestiaire\bestiaire_CS.json
		Resources\Json\Bestiaire\bestiaire_CU2.json = Resources\Json\Bestiaire\bestiaire_CU2.json
		Resources\Json\Bestiaire\bestiaire_CUB.json = Resources\Json\Bestiaire\bestiaire_CUB.json
		Resources\Json\Bestiaire\bestiaire_DGM.json = Resources\Json\Bestiaire\bestiaire_DGM.json
		Resources\Json\Bestiaire\bestiaire_DIS.json = Resources\Json\Bestiaire\bestiaire_DIS.json
		Resources\Json\Bestiaire\bestiaire_DK.json = Resources\Json\Bestiaire\bestiaire_DK.json
		Resources\Json\Bestiaire\bestiaire_DKA.json = Resources\Json\Bestiaire\bestiaire_DKA.json
		Resources\Json\Bestiaire\bestiaire_drafts.json = Resources\Json\Bestiaire\bestiaire_drafts.json
		Resources\Json\Bestiaire\bestiaire_DS.json = Resources\Json\Bestiaire\bestiaire_DS.json
		Resources\Json\Bestiaire\bestiaire_DTK.json = Resources\Json\Bestiaire\bestiaire_DTK.json
		Resources\Json\Bestiaire\bestiaire_editions.json = Resources\Json\Bestiaire\bestiaire_editions.json
		Resources\Json\Bestiaire\bestiaire_EVE.json = Resources\Json\Bestiaire\bestiaire_EVE.json
		Resources\Json\Bestiaire\bestiaire_EX.json = Resources\Json\Bestiaire\bestiaire_EX.json
		Resources\Json\Bestiaire\bestiaire_FD.json = Resources\Json\Bestiaire\bestiaire_FD.json
		Resources\Json\Bestiaire\bestiaire_FE.json = Resources\Json\Bestiaire\bestiaire_FE.json
		Resources\Json\Bestiaire\bestiaire_FRF.json = Resources\Json\Bestiaire\bestiaire_FRF.json
		Resources\Json\Bestiaire\bestiaire_FUT.json = Resources\Json\Bestiaire\bestiaire_FUT.json
		Resources\Json\Bestiaire\bestiaire_GP.json = Resources\Json\Bestiaire\bestiaire_GP.json
		Resources\Json\Bestiaire\bestiaire_GTC.json = Resources\Json\Bestiaire\bestiaire_GTC.json
		Resources\Json\Bestiaire\bestiaire_HL.json = Resources\Json\Bestiaire\bestiaire_HL.json
		Resources\Json\Bestiaire\bestiaire_IA.json = Resources\Json\Bestiaire\bestiaire_IA.json
		Resources\Json\Bestiaire\bestiaire_IN.json = Resources\Json\Bestiaire\bestiaire_IN.json
		Resources\Json\Bestiaire\bestiaire_ISD.json = Resources\Json\Bestiaire\bestiaire_ISD.json
		Resources\Json\Bestiaire\bestiaire_JOU.json = Resources\Json\Bestiaire\bestiaire_JOU.json
		Resources\Json\Bestiaire\bestiaire_JU.json = Resources\Json\Bestiaire\bestiaire_JU.json
		Resources\Json\Bestiaire\bestiaire_KTK.json = Resources\Json\Bestiaire\bestiaire_KTK.json
		Resources\Json\Bestiaire\bestiaire_LE.json = Resources\Json\Bestiaire\bestiaire_LE.json
		Resources\Json\Bestiaire\bestiaire_LG.json = Resources\Json\Bestiaire\bestiaire_LG.json
		Resources\Json\Bestiaire\bestiaire_LOR.json = Resources\Json\Bestiaire\bestiaire_LOR.json
		Resources\Json\Bestiaire\bestiaire_M10.json = Resources\Json\Bestiaire\bestiaire_M10.json
		Resources\Json\Bestiaire\bestiaire_M11.json = Resources\Json\Bestiaire\bestiaire_M11.json
		Resources\Json\Bestiaire\bestiaire_M12.json = Resources\Json\Bestiaire\bestiaire_M12.json
		Resources\Json\Bestiaire\bestiaire_M13.json = Resources\Json\Bestiaire\bestiaire_M13.json
		Resources\Json\Bestiaire\bestiaire_M14.json = Resources\Json\Bestiaire\bestiaire_M14.json
		Resources\Json\Bestiaire\bestiaire_M15.json = Resources\Json\Bestiaire\bestiaire_M15.json
		Resources\Json\Bestiaire\bestiaire_MBS.json = Resources\Json\Bestiaire\bestiaire_MBS.json
		Resources\Json\Bestiaire\bestiaire_ME3.json = Resources\Json\Bestiaire\bestiaire_ME3.json
		Resources\Json\Bestiaire\bestiaire_MI.json = Resources\Json\Bestiaire\bestiaire_MI.json
		Resources\Json\Bestiaire\bestiaire_MM.json = Resources\Json\Bestiaire\bestiaire_MM.json
		Resources\Json\Bestiaire\bestiaire_MM2.json = Resources\Json\Bestiaire\bestiaire_MM2.json
		Resources\Json\Bestiaire\bestiaire_MoM.json = Resources\Json\Bestiaire\bestiaire_MoM.json
		Resources\Json\Bestiaire\bestiaire_MOR.json = Resources\Json\Bestiaire\bestiaire_MOR.json
		Resources\Json\Bestiaire\bestiaire_MR.json = Resources\Json\Bestiaire\bestiaire_MR.json
		Resources\Json\Bestiaire\bestiaire_MSW.json = Resources\Json\Bestiaire\bestiaire_MSW.json
		Resources\Json\Bestiaire\bestiaire_NE.json = Resources\Json\Bestiaire\bestiaire_NE.json
		Resources\Json\Bestiaire\bestiaire_NPH.json = Resources\Json\Bestiaire\bestiaire_NPH.json
		Resources\Json\Bestiaire\bestiaire_OD.json = Resources\Json\Bestiaire\bestiaire_OD.json
		Resources\Json\Bestiaire\bestiaire_OGW.json = Resources\Json\Bestiaire\bestiaire_OGW.json
		Resources\Json\Bestiaire\bestiaire_ON.json = Resources\Json\Bestiaire\bestiaire_ON.json
		Resources\Json\Bestiaire\bestiaire_ORI.json = Resources\Json\Bestiaire\bestiaire_ORI.json
		Resources\Json\Bestiaire\bestiaire_P2.json = Resources\Json\Bestiaire\bestiaire_P2.json
		Resources\Json\Bestiaire\bestiaire_P3.json = Resources\Json\Bestiaire\bestiaire_P3.json
		Resources\Json\Bestiaire\bestiaire_P4.json = Resources\Json\Bestiaire\bestiaire_P4.json
		Resources\Json\Bestiaire\bestiaire_PC.json = Resources\Json\Bestiaire\bestiaire_PC.json
		Resources\Json\Bestiaire\bestiaire_PS.json = Resources\Json\Bestiaire\bestiaire_PS.json
		Resources\Json\Bestiaire\bestiaire_PT.json = Resources\Json\Bestiaire\bestiaire_PT.json
		Resources\Json\Bestiaire\bestiaire_PY.json = Resources\Json\Bestiaire\bestiaire_PY.json
		Resources\Json\Bestiaire\bestiaire_R.json = Resources\Json\Bestiaire\bestiaire_R.json
		Resources\Json\Bestiaire\bestiaire_RAV.json = Resources\Json\Bestiaire\bestiaire_RAV.json
		Resources\Json\Bestiaire\bestiaire_REB.json = Resources\Json\Bestiaire\bestiaire_REB.json
		Resources\Json\Bestiaire\bestiaire_ROE.json = Resources\Json\Bestiaire\bestiaire_ROE.json
		Resources\Json\Bestiaire\bestiaire_RTR.json = Resources\Json\Bestiaire\bestiaire_RTR.json
		Resources\Json\Bestiaire\bestiaire_SC.json = Resources\Json\Bestiaire\bestiaire_SC.json
		Resources\Json\Bestiaire\bestiaire_SHM.json = Resources\Json\Bestiaire\bestiaire_SHM.json
		Resources\Json\Bestiaire\bestiaire_SOK.json = Resources\Json\Bestiaire\bestiaire_SOK.json
		Resources\Json\Bestiaire\bestiaire_SOM.json = Resources\Json\Bestiaire\bestiaire_SOM.json
		Resources\Json\Bestiaire\bestiaire_ST.json = Resources\Json\Bestiaire\bestiaire_ST.json
		Resources\Json\Bestiaire\bestiaire_THS.json = Resources\Json\Bestiaire\bestiaire_THS.json
		Resources\Json\Bestiaire\bestiaire_TO.json = Resources\Json\Bestiaire\bestiaire_TO.json
		Resources\Json\Bestiaire\bestiaire_TP.json = Resources\Json\Bestiaire\bestiaire_TP.json
		Resources\Json\Bestiaire\bestiaire_TSP.json = Resources\Json\Bestiaire\bestiaire_TSP.json
		Resources\Json\Bestiaire\bestiaire_U.json = Resources\Json\Bestiaire\bestiaire_U.json
		Resources\Json\Bestiaire\bestiaire_UD.json = Resources\Json\Bestiaire\bestiaire_UD.json
		Resources\Json\Bestiaire\bestiaire_UG.json = Resources\Json\Bestiaire\bestiaire_UG.json
		Resources\Json\Bestiaire\bestiaire_UHN.json = Resources\Json\Bestiaire\bestiaire_UHN.json
		Resources\Json\Bestiaire\bestiaire_UL.json = Resources\Json\Bestiaire\bestiaire_UL.json
		Resources\Json\Bestiaire\bestiaire_US.json = Resources\Json\Bestiaire\bestiaire_US.json
		Resources\Json\Bestiaire\bestiaire_VI.json = Resources\Json\Bestiaire\bestiaire_VI.json
		Resources\Json\Bestiaire\bestiaire_WE.json = Resources\Json\Bestiaire\bestiaire_WE.json
		Resources\Json\Bestiaire\bestiaire_WWK.json = Resources\Json\Bestiaire\bestiaire_WWK.json
		Resources\Json\Bestiaire\bestiaire_ZEN.json = Resources\Json\Bestiaire\bestiaire_ZEN.json
	EndProjectSection
EndProject
Project("{2150E333-8FDC-42A3-9474-1A3956D46DE8}") = "MtgJson", "MtgJson", "{CD357639-1858-4207-B9FF-67601D7ECE18}"
	ProjectSection(SolutionItems) = preProject
		Resources\Json\MtgJson\mtgjson_10E.json = Resources\Json\MtgJson\mtgjson_10E.json
		Resources\Json\MtgJson\mtgjson_2ED.json = Resources\Json\MtgJson\mtgjson_2ED.json
		Resources\Json\MtgJson\mtgjson_3ED.json = Resources\Json\MtgJson\mtgjson_3ED.json
		Resources\Json\MtgJson\mtgjson_4ED.json = Resources\Json\MtgJson\mtgjson_4ED.json
		Resources\Json\MtgJson\mtgjson_5DN.json = Resources\Json\MtgJson\mtgjson_5DN.json
		Resources\Json\MtgJson\mtgjson_5ED.json = Resources\Json\MtgJson\mtgjson_5ED.json
		Resources\Json\MtgJson\mtgjson_6ED.json = Resources\Json\MtgJson\mtgjson_6ED.json
		Resources\Json\MtgJson\mtgjson_7ED.json = Resources\Json\MtgJson\mtgjson_7ED.json
		Resources\Json\MtgJson\mtgjson_8ED.json = Resources\Json\MtgJson\mtgjson_8ED.json
		Resources\Json\MtgJson\mtgjson_9ED.json = Resources\Json\MtgJson\mtgjson_9ED.json
		Resources\Json\MtgJson\mtgjson_ALA.json = Resources\Json\MtgJson\mtgjson_ALA.json
		Resources\Json\MtgJson\mtgjson_ALL.json = Resources\Json\MtgJson\mtgjson_ALL.json
		Resources\Json\MtgJson\mtgjson_APC.json = Resources\Json\MtgJson\mtgjson_APC.json
		Resources\Json\MtgJson\mtgjson_ARB.json = Resources\Json\MtgJson\mtgjson_ARB.json
		Resources\Json\MtgJson\mtgjson_ARC.json = Resources\Json\MtgJson\mtgjson_ARC.json
		Resources\Json\MtgJson\mtgjson_ARN.json = Resources\Json\MtgJson\mtgjson_ARN.json
		Resources\Json\MtgJson\mtgjson_ATH.json = Resources\Json\MtgJson\mtgjson_ATH.json
		Resources\Json\MtgJson\mtgjson_ATQ.json = Resources\Json\MtgJson\mtgjson_ATQ.json
		Resources\Json\MtgJson\mtgjson_AVR.json = Resources\Json\MtgJson\mtgjson_AVR.json
		Resources\Json\MtgJson\mtgjson_BFZ.json = Resources\Json\MtgJson\mtgjson_BFZ.json
		Resources\Json\MtgJson\mtgjson_BNG.json = Resources\Json\MtgJson\mtgjson_BNG.json
		Resources\Json\MtgJson\mtgjson_BOK.json = Resources\Json\MtgJson\mtgjson_BOK.json
		Resources\Json\MtgJson\mtgjson_BRB.json = Resources\Json\MtgJson\mtgjson_BRB.json
		Resources\Json\MtgJson\mtgjson_BTD.json = Resources\Json\MtgJson\mtgjson_BTD.json
		Resources\Json\MtgJson\mtgjson_C13.json = Resources\Json\MtgJson\mtgjson_C13.json
		Resources\Json\MtgJson\mtgjson_C14.json = Resources\Json\MtgJson\mtgjson_C14.json
		Resources\Json\MtgJson\mtgjson_C15.json = Resources\Json\MtgJson\mtgjson_C15.json
		Resources\Json\MtgJson\mtgjson_CED.json = Resources\Json\MtgJson\mtgjson_CED.json
		Resources\Json\MtgJson\mtgjson_CEI.json = Resources\Json\MtgJson\mtgjson_CEI.json
		Resources\Json\MtgJson\mtgjson_CHK.json = Resources\Json\MtgJson\mtgjson_CHK.json
		Resources\Json\MtgJson\mtgjson_CHR.json = Resources\Json\MtgJson\mtgjson_CHR.json
		Resources\Json\MtgJson\mtgjson_CM1.json = Resources\Json\MtgJson\mtgjson_CM1.json
		Resources\Json\MtgJson\mtgjson_CMD.json = Resources\Json\MtgJson\mtgjson_CMD.json
		Resources\Json\MtgJson\mtgjson_CNS.json = Resources\Json\MtgJson\mtgjson_CNS.json
		Resources\Json\MtgJson\mtgjson_CON.json = Resources\Json\MtgJson\mtgjson_CON.json
		Resources\Json\MtgJson\mtgjson_CPK.json = Resources\Json\MtgJson\mtgjson_CPK.json
		Resources\Json\MtgJson\mtgjson_CSP.json = Resources\Json\MtgJson\mtgjson_CSP.json
		Resources\Json\MtgJson\mtgjson_CST.json = Resources\Json\MtgJson\mtgjson_CST.json
		Resources\Json\MtgJson\mtgjson_DD2.json = Resources\Json\MtgJson\mtgjson_DD2.json
		Resources\Json\MtgJson\mtgjson_DD3_DVD.json = Resources\Json\MtgJson\mtgjson_DD3_DVD.json
		Resources\Json\MtgJson\mtgjson_DD3_EVG.json = Resources\Json\MtgJson\mtgjson_DD3_EVG.json
		Resources\Json\MtgJson\mtgjson_DD3_GVL.json = Resources\Json\MtgJson\mtgjson_DD3_GVL.json
		Resources\Json\MtgJson\mtgjson_DD3_JVC.json = Resources\Json\MtgJson\mtgjson_DD3_JVC.json
		Resources\Json\MtgJson\mtgjson_DDC.json = Resources\Json\MtgJson\mtgjson_DDC.json
		Resources\Json\MtgJson\mtgjson_DDD.json = Resources\Json\MtgJson\mtgjson_DDD.json
		Resources\Json\MtgJson\mtgjson_DDE.json = Resources\Json\MtgJson\mtgjson_DDE.json
		Resources\Json\MtgJson\mtgjson_DDF.json = Resources\Json\MtgJson\mtgjson_DDF.json
		Resources\Json\MtgJson\mtgjson_DDG.json = Resources\Json\MtgJson\mtgjson_DDG.json
		Resources\Json\MtgJson\mtgjson_DDH.json = Resources\Json\MtgJson\mtgjson_DDH.json
		Resources\Json\MtgJson\mtgjson_DDI.json = Resources\Json\MtgJson\mtgjson_DDI.json
		Resources\Json\MtgJson\mtgjson_DDJ.json = Resources\Json\MtgJson\mtgjson_DDJ.json
		Resources\Json\MtgJson\mtgjson_DDK.json = Resources\Json\MtgJson\mtgjson_DDK.json
		Resources\Json\MtgJson\mtgjson_DDL.json = Resources\Json\MtgJson\mtgjson_DDL.json
		Resources\Json\MtgJson\mtgjson_DDM.json = Resources\Json\MtgJson\mtgjson_DDM.json
		Resources\Json\MtgJson\mtgjson_DDN.json = Resources\Json\MtgJson\mtgjson_DDN.json
		Resources\Json\MtgJson\mtgjson_DDO.json = Resources\Json\MtgJson\mtgjson_DDO.json
		Resources\Json\MtgJson\mtgjson_DDP.json = Resources\Json\MtgJson\mtgjson_DDP.json
		Resources\Json\MtgJson\mtgjson_DDQ.json = Resources\Json\MtgJson\mtgjson_DDQ.json
		Resources\Json\MtgJson\mtgjson_DGM.json = Resources\Json\MtgJson\mtgjson_DGM.json
		Resources\Json\MtgJson\mtgjson_DIS.json = Resources\Json\MtgJson\mtgjson_DIS.json
		Resources\Json\MtgJson\mtgjson_DKA.json = Resources\Json\MtgJson\mtgjson_DKA.json
		Resources\Json\MtgJson\mtgjson_DKM.json = Resources\Json\MtgJson\mtgjson_DKM.json
		Resources\Json\MtgJson\mtgjson_DPA.json = Resources\Json\MtgJson\mtgjson_DPA.json
		Resources\Json\MtgJson\mtgjson_DRB.json = Resources\Json\MtgJson\mtgjson_DRB.json
		Resources\Json\MtgJson\mtgjson_DRK.json = Resources\Json\MtgJson\mtgjson_DRK.json
		Resources\Json\MtgJson\mtgjson_DST.json = Resources\Json\MtgJson\mtgjson_DST.json
		Resources\Json\MtgJson\mtgjson_DTK.json = Resources\Json\MtgJson\mtgjson_DTK.json
		Resources\Json\MtgJson\mtgjson_editions.json = Resources\Json\MtgJson\mtgjson_editions.json
		Resources\Json\MtgJson\mtgjson_EVE.json = Resources\Json\MtgJson\mtgjson_EVE.json
		Resources\Json\MtgJson\mtgjson_EVG.json = Resources\Json\MtgJson\mtgjson_EVG.json
		Resources\Json\MtgJson\mtgjson_EXO.json = Resources\Json\MtgJson\mtgjson_EXO.json
		Resources\Json\MtgJson\mtgjson_EXP.json = Resources\Json\MtgJson\mtgjson_EXP.json
		Resources\Json\MtgJson\mtgjson_FEM.json = Resources\Json\MtgJson\mtgjson_FEM.json
		Resources\Json\MtgJson\mtgjson_FRF.json = Resources\Json\MtgJson\mtgjson_FRF.json
		Resources\Json\MtgJson\mtgjson_FRF_UGIN.json = Resources\Json\MtgJson\mtgjson_FRF_UGIN.json
		Resources\Json\MtgJson\mtgjson_FUT.json = Resources\Json\MtgJson\mtgjson_FUT.json
		Resources\Json\MtgJson\mtgjson_GPT.json = Resources\Json\MtgJson\mtgjson_GPT.json
		Resources\Json\MtgJson\mtgjson_GTC.json = Resources\Json\MtgJson\mtgjson_GTC.json
		Resources\Json\MtgJson\mtgjson_H09.json = Resources\Json\MtgJson\mtgjson_H09.json
		Resources\Json\MtgJson\mtgjson_HML.json = Resources\Json\MtgJson\mtgjson_HML.json
		Resources\Json\MtgJson\mtgjson_HOP.json = Resources\Json\MtgJson\mtgjson_HOP.json
		Resources\Json\MtgJson\mtgjson_ICE.json = Resources\Json\MtgJson\mtgjson_ICE.json
		Resources\Json\MtgJson\mtgjson_INV.json = Resources\Json\MtgJson\mtgjson_INV.json
		Resources\Json\MtgJson\mtgjson_ISD.json = Resources\Json\MtgJson\mtgjson_ISD.json
		Resources\Json\MtgJson\mtgjson_ITP.json = Resources\Json\MtgJson\mtgjson_ITP.json
		Resources\Json\MtgJson\mtgjson_JOU.json = Resources\Json\MtgJson\mtgjson_JOU.json
		Resources\Json\MtgJson\mtgjson_JUD.json = Resources\Json\MtgJson\mtgjson_JUD.json
		Resources\Json\MtgJson\mtgjson_KTK.json = Resources\Json\MtgJson\mtgjson_KTK.json
		Resources\Json\MtgJson\mtgjson_LEA.json = Resources\Json\MtgJson\mtgjson_LEA.json
		Resources\Json\MtgJson\mtgjson_LEB.json = Resources\Json\MtgJson\mtgjson_LEB.json
		Resources\Json\MtgJson\mtgjson_LEG.json = Resources\Json\MtgJson\mtgjson_LEG.json
		Resources\Json\MtgJson\mtgjson_LGN.json = Resources\Json\MtgJson\mtgjson_LGN.json
		Resources\Json\MtgJson\mtgjson_LRW.json = Resources\Json\MtgJson\mtgjson_LRW.json
		Resources\Json\MtgJson\mtgjson_M10.json = Resources\Json\MtgJson\mtgjson_M10.json
		Resources\Json\MtgJson\mtgjson_M11.json = Resources\Json\MtgJson\mtgjson_M11.json
		Resources\Json\MtgJson\mtgjson_M12.json = Resources\Json\MtgJson\mtgjson_M12.json
		Resources\Json\MtgJson\mtgjson_M13.json = Resources\Json\MtgJson\mtgjson_M13.json
		Resources\Json\MtgJson\mtgjson_M14.json = Resources\Json\MtgJson\mtgjson_M14.json
		Resources\Json\MtgJson\mtgjson_M15.json = Resources\Json\MtgJson\mtgjson_M15.json
		Resources\Json\MtgJson\mtgjson_MBS.json = Resources\Json\MtgJson\mtgjson_MBS.json
		Resources\Json\MtgJson\mtgjson_MD1.json = Resources\Json\MtgJson\mtgjson_MD1.json
		Resources\Json\MtgJson\mtgjson_ME2.json = Resources\Json\MtgJson\mtgjson_ME2.json
		Resources\Json\MtgJson\mtgjson_ME3.json = Resources\Json\MtgJson\mtgjson_ME3.json
		Resources\Json\MtgJson\mtgjson_ME4.json = Resources\Json\MtgJson\mtgjson_ME4.json
		Resources\Json\MtgJson\mtgjson_MED.json = Resources\Json\MtgJson\mtgjson_MED.json
		Resources\Json\MtgJson\mtgjson_MGB.json = Resources\Json\MtgJson\mtgjson_MGB.json
		Resources\Json\MtgJson\mtgjson_MIR.json = Resources\Json\MtgJson\mtgjson_MIR.json
		Resources\Json\MtgJson\mtgjson_MM2.json = Resources\Json\MtgJson\mtgjson_MM2.json
		Resources\Json\MtgJson\mtgjson_MMA.json = Resources\Json\MtgJson\mtgjson_MMA.json
		Resources\Json\MtgJson\mtgjson_MMQ.json = Resources\Json\MtgJson\mtgjson_MMQ.json
		Resources\Json\MtgJson\mtgjson_MOR.json = Resources\Json\MtgJson\mtgjson_MOR.json
		Resources\Json\MtgJson\mtgjson_MRD.json = Resources\Json\MtgJson\mtgjson_MRD.json
		Resources\Json\MtgJson\mtgjson_NMS.json = Resources\Json\MtgJson\mtgjson_NMS.json
		Resources\Json\MtgJson\mtgjson_NPH.json = Resources\Json\MtgJson\mtgjson_NPH.json
		Resources\Json\MtgJson\mtgjson_ODY.json = Resources\Json\MtgJson\mtgjson_ODY.json
		Resources\Json\MtgJson\mtgjson_OGW.json = Resources\Json\MtgJson\mtgjson_OGW.json
		Resources\Json\MtgJson\mtgjson_ONS.json = Resources\Json\MtgJson\mtgjson_ONS.json
		Resources\Json\MtgJson\mtgjson_ORI.json = Resources\Json\MtgJson\mtgjson_ORI.json
		Resources\Json\MtgJson\mtgjson_p15A.json = Resources\Json\MtgJson\mtgjson_p15A.json
		Resources\Json\MtgJson\mtgjson_p2HG.json = Resources\Json\MtgJson\mtgjson_p2HG.json
		Resources\Json\MtgJson\mtgjson_pALP.json = Resources\Json\MtgJson\mtgjson_pALP.json
		Resources\Json\MtgJson\mtgjson_pARL.json = Resources\Json\MtgJson\mtgjson_pARL.json
		Resources\Json\MtgJson\mtgjson_PC2.json = Resources\Json\MtgJson\mtgjson_PC2.json
		Resources\Json\MtgJson\mtgjson_pCEL.json = Resources\Json\MtgJson\mtgjson_pCEL.json
		Resources\Json\MtgJson\mtgjson_pCMP.json = Resources\Json\MtgJson\mtgjson_pCMP.json
		Resources\Json\MtgJson\mtgjson_PCY.json = Resources\Json\MtgJson\mtgjson_PCY.json
		Resources\Json\MtgJson\mtgjson_PD2.json = Resources\Json\MtgJson\mtgjson_PD2.json
		Resources\Json\MtgJson\mtgjson_PD3.json = Resources\Json\MtgJson\mtgjson_PD3.json
		Resources\Json\MtgJson\mtgjson_pDRC.json = Resources\Json\MtgJson\mtgjson_pDRC.json
		Resources\Json\MtgJson\mtgjson_pELP.json = Resources\Json\MtgJson\mtgjson_pELP.json
		Resources\Json\MtgJson\mtgjson_pFNM.json = Resources\Json\MtgJson\mtgjson_pFNM.json
		Resources\Json\MtgJson\mtgjson_pGPX.json = Resources\Json\MtgJson\mtgjson_pGPX.json
		Resources\Json\MtgJson\mtgjson_pGRU.json = Resources\Json\MtgJson\mtgjson_pGRU.json
		Resources\Json\MtgJson\mtgjson_pGTW.json = Resources\Json\MtgJson\mtgjson_pGTW.json
		Resources\Json\MtgJson\mtgjson_pHHO.json = Resources\Json\MtgJson\mtgjson_pHHO.json
		Resources\Json\MtgJson\mtgjson_pJGP.json = Resources\Json\MtgJson\mtgjson_pJGP.json
		Resources\Json\MtgJson\mtgjson_PLC.json = Resources\Json\MtgJson\mtgjson_PLC.json
		Resources\Json\MtgJson\mtgjson_pLGM.json = Resources\Json\MtgJson\mtgjson_pLGM.json
		Resources\Json\MtgJson\mtgjson_pLPA.json = Resources\Json\MtgJson\mtgjson_pLPA.json
		Resources\Json\MtgJson\mtgjson_PLS.json = Resources\Json\MtgJson\mtgjson_PLS.json
		Resources\Json\MtgJson\mtgjson_pMEI.json = Resources\Json\MtgJson\mtgjson_pMEI.json
		Resources\Json\MtgJson\mtgjson_pMGD.json = Resources\Json\MtgJson\mtgjson_pMGD.json
		Resources\Json\MtgJson\mtgjson_pMPR.json = Resources\Json\MtgJson\mtgjson_pMPR.json
		Resources\Json\MtgJson\mtgjson_PO2.json = Resources\Json\MtgJson\mtgjson_PO2.json
		Resources\Json\MtgJson\mtgjson_POR.json = Resources\Json\MtgJson\mtgjson_POR.json
		Resources\Json\MtgJson\mtgjson_pPOD.json = Resources\Json\MtgJson\mtgjson_pPOD.json
		Resources\Json\MtgJson\mtgjson_pPRE.json = Resources\Json\MtgJson\mtgjson_pPRE.json
		Resources\Json\MtgJson\mtgjson_pPRO.json = Resources\Json\MtgJson\mtgjson_pPRO.json
		Resources\Json\MtgJson\mtgjson_pREL.json = Resources\Json\MtgJson\mtgjson_pREL.json
		Resources\Json\MtgJson\mtgjson_pSUM.json = Resources\Json\MtgJson\mtgjson_pSUM.json
		Resources\Json\MtgJson\mtgjson_pSUS.json = Resources\Json\MtgJson\mtgjson_pSUS.json
		Resources\Json\MtgJson\mtgjson_PTK.json = Resources\Json\MtgJson\mtgjson_PTK.json
		Resources\Json\MtgJson\mtgjson_pWCQ.json = Resources\Json\MtgJson\mtgjson_pWCQ.json
		Resources\Json\MtgJson\mtgjson_pWOR.json = Resources\Json\MtgJson\mtgjson_pWOR.json
		Resources\Json\MtgJson\mtgjson_pWOS.json = Resources\Json\MtgJson\mtgjson_pWOS.json
		Resources\Json\MtgJson\mtgjson_pWPN.json = Resources\Json\MtgJson\mtgjson_pWPN.json
		Resources\Json\MtgJson\mtgjson_RAV.json = Resources\Json\MtgJson\mtgjson_RAV.json
		Resources\Json\MtgJson\mtgjson_ROE.json = Resources\Json\MtgJson\mtgjson_ROE.json
		Resources\Json\MtgJson\mtgjson_RQS.json = Resources\Json\MtgJson\mtgjson_RQS.json
		Resources\Json\MtgJson\mtgjson_RTR.json = Resources\Json\MtgJson\mtgjson_RTR.json
		Resources\Json\MtgJson\mtgjson_S00.json = Resources\Json\MtgJson\mtgjson_S00.json
		Resources\Json\MtgJson\mtgjson_S99.json = Resources\Json\MtgJson\mtgjson_S99.json
		Resources\Json\MtgJson\mtgjson_SCG.json = Resources\Json\MtgJson\mtgjson_SCG.json
		Resources\Json\MtgJson\mtgjson_SHM.json = Resources\Json\MtgJson\mtgjson_SHM.json
		Resources\Json\MtgJson\mtgjson_SOK.json = Resources\Json\MtgJson\mtgjson_SOK.json
		Resources\Json\MtgJson\mtgjson_SOM.json = Resources\Json\MtgJson\mtgjson_SOM.json
		Resources\Json\MtgJson\mtgjson_STH.json = Resources\Json\MtgJson\mtgjson_STH.json
		Resources\Json\MtgJson\mtgjson_THS.json = Resources\Json\MtgJson\mtgjson_THS.json
		Resources\Json\MtgJson\mtgjson_TMP.json = Resources\Json\MtgJson\mtgjson_TMP.json
		Resources\Json\MtgJson\mtgjson_TOR.json = Resources\Json\MtgJson\mtgjson_TOR.json
		Resources\Json\MtgJson\mtgjson_TPR.json = Resources\Json\MtgJson\mtgjson_TPR.json
		Resources\Json\MtgJson\mtgjson_TSB.json = Resources\Json\MtgJson\mtgjson_TSB.json
		Resources\Json\MtgJson\mtgjson_TSP.json = Resources\Json\MtgJson\mtgjson_TSP.json
		Resources\Json\MtgJson\mtgjson_UDS.json = Resources\Json\MtgJson\mtgjson_UDS.json
		Resources\Json\MtgJson\mtgjson_UGL.json = Resources\Json\MtgJson\mtgjson_UGL.json
		Resources\Json\MtgJson\mtgjson_ULG.json = Resources\Json\MtgJson\mtgjson_ULG.json
		Resources\Json\MtgJson\mtgjson_UNH.json = Resources\Json\MtgJson\mtgjson_UNH.json
		Resources\Json\MtgJson\mtgjson_USG.json = Resources\Json\MtgJson\mtgjson_USG.json
		Resources\Json\MtgJson\mtgjson_V09.json = Resources\Json\MtgJson\mtgjson_V09.json
		Resources\Json\MtgJson\mtgjson_V10.json = Resources\Json\MtgJson\mtgjson_V10.json
		Resources\Json\MtgJson\mtgjson_V11.json = Resources\Json\MtgJson\mtgjson_V11.json
		Resources\Json\MtgJson\mtgjson_V12.json = Resources\Json\MtgJson\mtgjson_V12.json
		Resources\Json\MtgJson\mtgjson_V13.json = Resources\Json\MtgJson\mtgjson_V13.json
		Resources\Json\MtgJson\mtgjson_V14.json = Resources\Json\MtgJson\mtgjson_V14.json
		Resources\Json\MtgJson\mtgjson_V15.json = Resources\Json\MtgJson\mtgjson_V15.json
		Resources\Json\MtgJson\mtgjson_VAN.json = Resources\Json\MtgJson\mtgjson_VAN.json
		Resources\Json\MtgJson\mtgjson_VIS.json = Resources\Json\MtgJson\mtgjson_VIS.json
		Resources\Json\MtgJson\mtgjson_VMA.json = Resources\Json\MtgJson\mtgjson_VMA.json
		Resources\Json\MtgJson\mtgjson_WTH.json = Resources\Json\MtgJson\mtgjson_WTH.json
		Resources\Json\MtgJson\mtgjson_WWK.json = Resources\Json\MtgJson\mtgjson_WWK.json
		Resources\Json\MtgJson\mtgjson_ZEN.json = Resources\Json\MtgJson\mtgjson_ZEN.json
	EndProjectSection
EndProject
Project("{2150E333-8FDC-42A3-9474-1A3956D46DE8}") = "Images", "Images", "{8612FBB1-4D4A-4537-816C-1F0A26D1853B}"
EndProject
Project("{2150E333-8FDC-42A3-9474-1A3956D46DE8}") = "Documents", "Documents", "{0BBACBB4-2F2B-487A-9842-6E8828330F2F}"
	ProjectSection(SolutionItems) = preProject
		Resources\Documents\ListeEditions.xlsx = Resources\Documents\ListeEditions.xlsx
	EndProjectSection
EndProject
Project("{2150E333-8FDC-42A3-9474-1A3956D46DE8}") = "Android", "Android", "{27B73CF5-D908-4F85-BFF6-99EFD25EC03B}"
EndProject
Project("{2150E333-8FDC-42A3-9474-1A3956D46DE8}") = "Business", "Business", "{4728C554-350C-4AD1-94B4-D56A7D5067C2}"
EndProject
Project("{FAE04EC0-301F-11D3-BF4B-00C04F79EFBC}") = "Business.DraftBestiaire", "Business.DraftBestiaire\Business.DraftBestiaire.csproj", "{F2700C58-A08C-49F8-AD5D-E7070F563A8A}"
EndProject
Project("{FAE04EC0-301F-11D3-BF4B-00C04F79EFBC}") = "Business.Resources", "Business.Resources\Business.Resources.csproj", "{63DA50FE-942C-4078-9BE1-AA5DC970C56B}"
EndProject
Project("{2150E333-8FDC-42A3-9474-1A3956D46DE8}") = "Objects", "Objects", "{D8DF16C8-8EB4-42A4-AF25-01DFBF9A16C6}"
EndProject
Project("{FAE04EC0-301F-11D3-BF4B-00C04F79EFBC}") = "Objects.Bestiaire", "Objects.Bestiaire\Objects.Bestiaire.csproj", "{2CD2B6D3-39D9-4F3C-B32B-BE3DCB9F4F2D}"
EndProject
Project("{FAE04EC0-301F-11D3-BF4B-00C04F79EFBC}") = "Objects.MtgJson", "Objects.MtgJson\Objects.MtgJson.csproj", "{C5C1E3F6-2DCE-4224-B679-D9CAC4932302}"
EndProject
Project("{2150E333-8FDC-42A3-9474-1A3956D46DE8}") = "Common", "Common", "{B59D9B41-8874-44CD-A6C5-694A65DAA692}"
EndProject
Project("{FAE04EC0-301F-11D3-BF4B-00C04F79EFBC}") = "Common.Android", "Common.Android\Common.Android.csproj", "{7F49AD07-D46F-41B0-A42B-C0FE3D24FC6D}"
EndProject
Project("{FAE04EC0-301F-11D3-BF4B-00C04F79EFBC}") = "Common.Android.DataBase", "Common.Android.DataBase\Common.Android.DataBase.csproj", "{AF1EF314-BCC7-473F-BFC2-8BF727FAD215}"
EndProject
Project("{FAE04EC0-301F-11D3-BF4B-00C04F79EFBC}") = "Common.AsyncTasks.Android", "Common.AsyncTasks.Android\Common.AsyncTasks.Android.csproj", "{6813E51E-97DB-45F4-91C0-CDEA33B9F650}"
EndProject
Project("{2150E333-8FDC-42A3-9474-1A3956D46DE8}") = "DataBase", "DataBase", "{9C44B8BD-D72F-4987-B509-0F2FDC005017}"
EndProject
Project("{FAE04EC0-301F-11D3-BF4B-00C04F79EFBC}") = "DataBase", "DataBase\DataBase.csproj", "{959DFC2C-6D1A-4E13-A91B-99FD7032B480}"
EndProject
Project("{FAE04EC0-301F-11D3-BF4B-00C04F79EFBC}") = "DataBase.Bestiaire", "DataBase.Bestiaire\DataBase.Bestiaire.csproj", "{866594C3-13FB-4013-B822-9681BBFA5CDB}"
EndProject
Project("{FAE04EC0-301F-11D3-BF4B-00C04F79EFBC}") = "DataBase.Gatherer", "DataBase.Gatherer\DataBase.Gatherer.csproj", "{593FB045-1FCC-406F-84B3-EC0DB7ADF679}"
EndProject
Project("{FAE04EC0-301F-11D3-BF4B-00C04F79EFBC}") = "DataBase.Settings", "DataBase.Settings\DataBase.Settings.csproj", "{3843D1A5-C982-4BEB-B808-FA361211B3FD}"
EndProject
Project("{2150E333-8FDC-42A3-9474-1A3956D46DE8}") = "UI", "UI", "{7D55EBF3-E627-4858-A67A-62310C0AFF37}"
EndProject
Project("{FAE04EC0-301F-11D3-BF4B-00C04F79EFBC}") = "UI.DraftBestiaire.Android", "UI.DraftBestiaire.Android\UI.DraftBestiaire.Android.csproj", "{FC49A044-CE41-40BF-8409-02409EA6103F}"
EndProject
Project("{FAE04EC0-301F-11D3-BF4B-00C04F79EFBC}") = "UI.MtgLifeCounter.Android", "UI.MtgLifeCounter.Android\UI.MtgLifeCounter.Android.csproj", "{975EF158-52E1-4F6A-9AAE-D50966A32ADE}"
EndProject
Project("{2150E333-8FDC-42A3-9474-1A3956D46DE8}") = "Tools", "Tools", "{840488F6-3D56-44F8-ABF5-00F0EEA184F4}"
EndProject
Project("{2150E333-8FDC-42A3-9474-1A3956D46DE8}") = "MTG.DataExtractor", "MTG.DataExtractor", "{A4607878-0BE0-4C4D-AEB2-A29AD9186CC4}"
EndProject
Project("{FAE04EC0-301F-11D3-BF4B-00C04F79EFBC}") = "MTG.DataExtractor.Business", "MTG.DataExtractor.Business\MTG.DataExtractor.Business.csproj", "{4510E546-A2BB-4B0F-BF3B-DEC66A36C8AB}"
EndProject
Project("{FAE04EC0-301F-11D3-BF4B-00C04F79EFBC}") = "MTG.DataExtractor.Console", "MTG.DataExtractor.Console\MTG.DataExtractor.Console.csproj", "{221AC9C1-DC96-416C-A1BE-8E21708AD7E9}"
EndProject
Project("{FAE04EC0-301F-11D3-BF4B-00C04F79EFBC}") = "MTG.DataExtractor.Files", "MTG.DataExtractor.Files\MTG.DataExtractor.Files.csproj", "{8F9A09A8-A13C-48EF-B0D7-AF5801456E9D}"
EndProject
Project("{FAE04EC0-301F-11D3-BF4B-00C04F79EFBC}") = "MTG.DataExtractor.Network", "MTG.DataExtractor.Network\MTG.DataExtractor.Network.csproj", "{E23F4D78-B671-4D51-B567-00281970B437}"
EndProject
Project("{FAE04EC0-301F-11D3-BF4B-00C04F79EFBC}") = "MTG.DataExtractor.Objects", "MTG.DataExtractor.Objects\MTG.DataExtractor.Objects.csproj", "{1B5603D1-00CB-4025-93C4-71C80D078D21}"
EndProject
Project("{FAE04EC0-301F-11D3-BF4B-00C04F79EFBC}") = "MTG.DataExtractor.Report", "MTG.DataExtractor.Report\MTG.DataExtractor.Report.csproj", "{7DF5347E-A527-4951-9121-EAD9C5C08453}"
EndProject
Project("{FAE04EC0-301F-11D3-BF4B-00C04F79EFBC}") = "MTG.DataExtractor.Resources", "MTG.DataExtractor.Resources\MTG.DataExtractor.Resources.csproj", "{4FABA2C6-5615-4B61-840D-CC82D9F9A48F}"
EndProject
Project("{FAE04EC0-301F-11D3-BF4B-00C04F79EFBC}") = "MTG.DataExtractor.Utils", "MTG.DataExtractor.Utils\MTG.DataExtractor.Utils.csproj", "{E5AF49AF-2E08-44D3-8B94-75FCFED2E5F1}"
EndProject
Project("{FAE04EC0-301F-11D3-BF4B-00C04F79EFBC}") = "MTG.DataExtractor.Statistics.Console", "MTG.DataExtractor.Statistics.Console\MTG.DataExtractor.Statistics.Console.csproj", "{08562AD1-636E-492C-AE9D-B6B915C1B34B}"
EndProject
Project("{FAE04EC0-301F-11D3-BF4B-00C04F79EFBC}") = "MTG.DataExtractor.Extras.Console", "MTG.DataExtractor.Extras.Console\MTG.DataExtractor.Extras.Console.csproj", "{8DC593B1-1FF6-4043-A261-590020DBC0A9}"
EndProject
Global
	GlobalSection(SolutionConfigurationPlatforms) = preSolution
		Debug|Any CPU = Debug|Any CPU
		Release|Any CPU = Release|Any CPU
	EndGlobalSection
	GlobalSection(ProjectConfigurationPlatforms) = postSolution
		{F2700C58-A08C-49F8-AD5D-E7070F563A8A}.Debug|Any CPU.ActiveCfg = Debug|Any CPU
		{F2700C58-A08C-49F8-AD5D-E7070F563A8A}.Debug|Any CPU.Build.0 = Debug|Any CPU
		{F2700C58-A08C-49F8-AD5D-E7070F563A8A}.Release|Any CPU.ActiveCfg = Release|Any CPU
		{F2700C58-A08C-49F8-AD5D-E7070F563A8A}.Release|Any CPU.Build.0 = Release|Any CPU
		{63DA50FE-942C-4078-9BE1-AA5DC970C56B}.Debug|Any CPU.ActiveCfg = Debug|Any CPU
		{63DA50FE-942C-4078-9BE1-AA5DC970C56B}.Debug|Any CPU.Build.0 = Debug|Any CPU
		{63DA50FE-942C-4078-9BE1-AA5DC970C56B}.Release|Any CPU.ActiveCfg = Release|Any CPU
		{63DA50FE-942C-4078-9BE1-AA5DC970C56B}.Release|Any CPU.Build.0 = Release|Any CPU
		{2CD2B6D3-39D9-4F3C-B32B-BE3DCB9F4F2D}.Debug|Any CPU.ActiveCfg = Debug|Any CPU
		{2CD2B6D3-39D9-4F3C-B32B-BE3DCB9F4F2D}.Debug|Any CPU.Build.0 = Debug|Any CPU
		{2CD2B6D3-39D9-4F3C-B32B-BE3DCB9F4F2D}.Release|Any CPU.ActiveCfg = Release|Any CPU
		{2CD2B6D3-39D9-4F3C-B32B-BE3DCB9F4F2D}.Release|Any CPU.Build.0 = Release|Any CPU
		{C5C1E3F6-2DCE-4224-B679-D9CAC4932302}.Debug|Any CPU.ActiveCfg = Debug|Any CPU
		{C5C1E3F6-2DCE-4224-B679-D9CAC4932302}.Debug|Any CPU.Build.0 = Debug|Any CPU
		{C5C1E3F6-2DCE-4224-B679-D9CAC4932302}.Release|Any CPU.ActiveCfg = Release|Any CPU
		{C5C1E3F6-2DCE-4224-B679-D9CAC4932302}.Release|Any CPU.Build.0 = Release|Any CPU
		{7F49AD07-D46F-41B0-A42B-C0FE3D24FC6D}.Debug|Any CPU.ActiveCfg = Debug|Any CPU
		{7F49AD07-D46F-41B0-A42B-C0FE3D24FC6D}.Debug|Any CPU.Build.0 = Debug|Any CPU
		{7F49AD07-D46F-41B0-A42B-C0FE3D24FC6D}.Release|Any CPU.ActiveCfg = Release|Any CPU
		{7F49AD07-D46F-41B0-A42B-C0FE3D24FC6D}.Release|Any CPU.Build.0 = Release|Any CPU
		{AF1EF314-BCC7-473F-BFC2-8BF727FAD215}.Debug|Any CPU.ActiveCfg = Debug|Any CPU
		{AF1EF314-BCC7-473F-BFC2-8BF727FAD215}.Debug|Any CPU.Build.0 = Debug|Any CPU
		{AF1EF314-BCC7-473F-BFC2-8BF727FAD215}.Release|Any CPU.ActiveCfg = Release|Any CPU
		{AF1EF314-BCC7-473F-BFC2-8BF727FAD215}.Release|Any CPU.Build.0 = Release|Any CPU
		{6813E51E-97DB-45F4-91C0-CDEA33B9F650}.Debug|Any CPU.ActiveCfg = Debug|Any CPU
		{6813E51E-97DB-45F4-91C0-CDEA33B9F650}.Debug|Any CPU.Build.0 = Debug|Any CPU
		{6813E51E-97DB-45F4-91C0-CDEA33B9F650}.Release|Any CPU.ActiveCfg = Release|Any CPU
		{6813E51E-97DB-45F4-91C0-CDEA33B9F650}.Release|Any CPU.Build.0 = Release|Any CPU
		{959DFC2C-6D1A-4E13-A91B-99FD7032B480}.Debug|Any CPU.ActiveCfg = Debug|Any CPU
		{959DFC2C-6D1A-4E13-A91B-99FD7032B480}.Debug|Any CPU.Build.0 = Debug|Any CPU
		{959DFC2C-6D1A-4E13-A91B-99FD7032B480}.Release|Any CPU.ActiveCfg = Release|Any CPU
		{959DFC2C-6D1A-4E13-A91B-99FD7032B480}.Release|Any CPU.Build.0 = Release|Any CPU
		{866594C3-13FB-4013-B822-9681BBFA5CDB}.Debug|Any CPU.ActiveCfg = Debug|Any CPU
		{866594C3-13FB-4013-B822-9681BBFA5CDB}.Debug|Any CPU.Build.0 = Debug|Any CPU
		{866594C3-13FB-4013-B822-9681BBFA5CDB}.Release|Any CPU.ActiveCfg = Release|Any CPU
		{866594C3-13FB-4013-B822-9681BBFA5CDB}.Release|Any CPU.Build.0 = Release|Any CPU
		{593FB045-1FCC-406F-84B3-EC0DB7ADF679}.Debug|Any CPU.ActiveCfg = Debug|Any CPU
		{593FB045-1FCC-406F-84B3-EC0DB7ADF679}.Debug|Any CPU.Build.0 = Debug|Any CPU
		{593FB045-1FCC-406F-84B3-EC0DB7ADF679}.Release|Any CPU.ActiveCfg = Release|Any CPU
		{593FB045-1FCC-406F-84B3-EC0DB7ADF679}.Release|Any CPU.Build.0 = Release|Any CPU
		{3843D1A5-C982-4BEB-B808-FA361211B3FD}.Debug|Any CPU.ActiveCfg = Debug|Any CPU
		{3843D1A5-C982-4BEB-B808-FA361211B3FD}.Debug|Any CPU.Build.0 = Debug|Any CPU
		{3843D1A5-C982-4BEB-B808-FA361211B3FD}.Release|Any CPU.ActiveCfg = Release|Any CPU
		{3843D1A5-C982-4BEB-B808-FA361211B3FD}.Release|Any CPU.Build.0 = Release|Any CPU
		{FC49A044-CE41-40BF-8409-02409EA6103F}.Debug|Any CPU.ActiveCfg = Debug|Any CPU
		{FC49A044-CE41-40BF-8409-02409EA6103F}.Debug|Any CPU.Build.0 = Debug|Any CPU
		{FC49A044-CE41-40BF-8409-02409EA6103F}.Debug|Any CPU.Deploy.0 = Debug|Any CPU
		{FC49A044-CE41-40BF-8409-02409EA6103F}.Release|Any CPU.ActiveCfg = Release|Any CPU
		{FC49A044-CE41-40BF-8409-02409EA6103F}.Release|Any CPU.Build.0 = Release|Any CPU
		{FC49A044-CE41-40BF-8409-02409EA6103F}.Release|Any CPU.Deploy.0 = Release|Any CPU
		{975EF158-52E1-4F6A-9AAE-D50966A32ADE}.Debug|Any CPU.ActiveCfg = Debug|Any CPU
		{975EF158-52E1-4F6A-9AAE-D50966A32ADE}.Debug|Any CPU.Build.0 = Debug|Any CPU
		{975EF158-52E1-4F6A-9AAE-D50966A32ADE}.Debug|Any CPU.Deploy.0 = Debug|Any CPU
		{975EF158-52E1-4F6A-9AAE-D50966A32ADE}.Release|Any CPU.ActiveCfg = Release|Any CPU
		{975EF158-52E1-4F6A-9AAE-D50966A32ADE}.Release|Any CPU.Build.0 = Release|Any CPU
		{975EF158-52E1-4F6A-9AAE-D50966A32ADE}.Release|Any CPU.Deploy.0 = Release|Any CPU
		{4510E546-A2BB-4B0F-BF3B-DEC66A36C8AB}.Debug|Any CPU.ActiveCfg = Debug|Any CPU
		{4510E546-A2BB-4B0F-BF3B-DEC66A36C8AB}.Debug|Any CPU.Build.0 = Debug|Any CPU
		{4510E546-A2BB-4B0F-BF3B-DEC66A36C8AB}.Release|Any CPU.ActiveCfg = Release|Any CPU
		{4510E546-A2BB-4B0F-BF3B-DEC66A36C8AB}.Release|Any CPU.Build.0 = Release|Any CPU
		{221AC9C1-DC96-416C-A1BE-8E21708AD7E9}.Debug|Any CPU.ActiveCfg = Debug|Any CPU
		{221AC9C1-DC96-416C-A1BE-8E21708AD7E9}.Debug|Any CPU.Build.0 = Debug|Any CPU
		{221AC9C1-DC96-416C-A1BE-8E21708AD7E9}.Release|Any CPU.ActiveCfg = Release|Any CPU
		{221AC9C1-DC96-416C-A1BE-8E21708AD7E9}.Release|Any CPU.Build.0 = Release|Any CPU
		{8F9A09A8-A13C-48EF-B0D7-AF5801456E9D}.Debug|Any CPU.ActiveCfg = Debug|Any CPU
		{8F9A09A8-A13C-48EF-B0D7-AF5801456E9D}.Debug|Any CPU.Build.0 = Debug|Any CPU
		{8F9A09A8-A13C-48EF-B0D7-AF5801456E9D}.Release|Any CPU.ActiveCfg = Release|Any CPU
		{8F9A09A8-A13C-48EF-B0D7-AF5801456E9D}.Release|Any CPU.Build.0 = Release|Any CPU
		{E23F4D78-B671-4D51-B567-00281970B437}.Debug|Any CPU.ActiveCfg = Debug|Any CPU
		{E23F4D78-B671-4D51-B567-00281970B437}.Debug|Any CPU.Build.0 = Debug|Any CPU
		{E23F4D78-B671-4D51-B567-00281970B437}.Release|Any CPU.ActiveCfg = Release|Any CPU
		{E23F4D78-B671-4D51-B567-00281970B437}.Release|Any CPU.Build.0 = Release|Any CPU
		{1B5603D1-00CB-4025-93C4-71C80D078D21}.Debug|Any CPU.ActiveCfg = Debug|Any CPU
		{1B5603D1-00CB-4025-93C4-71C80D078D21}.Debug|Any CPU.Build.0 = Debug|Any CPU
		{1B5603D1-00CB-4025-93C4-71C80D078D21}.Release|Any CPU.ActiveCfg = Release|Any CPU
		{1B5603D1-00CB-4025-93C4-71C80D078D21}.Release|Any CPU.Build.0 = Release|Any CPU
		{7DF5347E-A527-4951-9121-EAD9C5C08453}.Debug|Any CPU.ActiveCfg = Debug|Any CPU
		{7DF5347E-A527-4951-9121-EAD9C5C08453}.Debug|Any CPU.Build.0 = Debug|Any CPU
		{7DF5347E-A527-4951-9121-EAD9C5C08453}.Release|Any CPU.ActiveCfg = Release|Any CPU
		{7DF5347E-A527-4951-9121-EAD9C5C08453}.Release|Any CPU.Build.0 = Release|Any CPU
		{4FABA2C6-5615-4B61-840D-CC82D9F9A48F}.Debug|Any CPU.ActiveCfg = Debug|Any CPU
		{4FABA2C6-5615-4B61-840D-CC82D9F9A48F}.Debug|Any CPU.Build.0 = Debug|Any CPU
		{4FABA2C6-5615-4B61-840D-CC82D9F9A48F}.Release|Any CPU.ActiveCfg = Release|Any CPU
		{4FABA2C6-5615-4B61-840D-CC82D9F9A48F}.Release|Any CPU.Build.0 = Release|Any CPU
		{E5AF49AF-2E08-44D3-8B94-75FCFED2E5F1}.Debug|Any CPU.ActiveCfg = Debug|Any CPU
		{E5AF49AF-2E08-44D3-8B94-75FCFED2E5F1}.Debug|Any CPU.Build.0 = Debug|Any CPU
		{E5AF49AF-2E08-44D3-8B94-75FCFED2E5F1}.Release|Any CPU.ActiveCfg = Release|Any CPU
		{E5AF49AF-2E08-44D3-8B94-75FCFED2E5F1}.Release|Any CPU.Build.0 = Release|Any CPU
		{08562AD1-636E-492C-AE9D-B6B915C1B34B}.Debug|Any CPU.ActiveCfg = Debug|Any CPU
		{08562AD1-636E-492C-AE9D-B6B915C1B34B}.Debug|Any CPU.Build.0 = Debug|Any CPU
		{08562AD1-636E-492C-AE9D-B6B915C1B34B}.Release|Any CPU.ActiveCfg = Release|Any CPU
		{08562AD1-636E-492C-AE9D-B6B915C1B34B}.Release|Any CPU.Build.0 = Release|Any CPU
		{8DC593B1-1FF6-4043-A261-590020DBC0A9}.Debug|Any CPU.ActiveCfg = Debug|Any CPU
		{8DC593B1-1FF6-4043-A261-590020DBC0A9}.Debug|Any CPU.Build.0 = Debug|Any CPU
		{8DC593B1-1FF6-4043-A261-590020DBC0A9}.Release|Any CPU.ActiveCfg = Release|Any CPU
		{8DC593B1-1FF6-4043-A261-590020DBC0A9}.Release|Any CPU.Build.0 = Release|Any CPU
	EndGlobalSection
	GlobalSection(SolutionProperties) = preSolution
		HideSolutionNode = FALSE
	EndGlobalSection
	GlobalSection(NestedProjects) = preSolution
		{AFAB6512-A695-40CB-B443-6696E2ADD371} = {5CE84C5A-C956-430F-8A07-F92072267D16}
		{BB2DD1B8-ADD4-47B5-AE68-0A35D6E90FBE} = {AFAB6512-A695-40CB-B443-6696E2ADD371}
		{CD357639-1858-4207-B9FF-67601D7ECE18} = {AFAB6512-A695-40CB-B443-6696E2ADD371}
		{8612FBB1-4D4A-4537-816C-1F0A26D1853B} = {5CE84C5A-C956-430F-8A07-F92072267D16}
		{0BBACBB4-2F2B-487A-9842-6E8828330F2F} = {5CE84C5A-C956-430F-8A07-F92072267D16}
		{4728C554-350C-4AD1-94B4-D56A7D5067C2} = {27B73CF5-D908-4F85-BFF6-99EFD25EC03B}
		{F2700C58-A08C-49F8-AD5D-E7070F563A8A} = {4728C554-350C-4AD1-94B4-D56A7D5067C2}
		{63DA50FE-942C-4078-9BE1-AA5DC970C56B} = {4728C554-350C-4AD1-94B4-D56A7D5067C2}
		{D8DF16C8-8EB4-42A4-AF25-01DFBF9A16C6} = {27B73CF5-D908-4F85-BFF6-99EFD25EC03B}
		{2CD2B6D3-39D9-4F3C-B32B-BE3DCB9F4F2D} = {D8DF16C8-8EB4-42A4-AF25-01DFBF9A16C6}
		{C5C1E3F6-2DCE-4224-B679-D9CAC4932302} = {D8DF16C8-8EB4-42A4-AF25-01DFBF9A16C6}
		{B59D9B41-8874-44CD-A6C5-694A65DAA692} = {27B73CF5-D908-4F85-BFF6-99EFD25EC03B}
		{7F49AD07-D46F-41B0-A42B-C0FE3D24FC6D} = {B59D9B41-8874-44CD-A6C5-694A65DAA692}
		{AF1EF314-BCC7-473F-BFC2-8BF727FAD215} = {B59D9B41-8874-44CD-A6C5-694A65DAA692}
		{6813E51E-97DB-45F4-91C0-CDEA33B9F650} = {B59D9B41-8874-44CD-A6C5-694A65DAA692}
		{9C44B8BD-D72F-4987-B509-0F2FDC005017} = {27B73CF5-D908-4F85-BFF6-99EFD25EC03B}
		{959DFC2C-6D1A-4E13-A91B-99FD7032B480} = {9C44B8BD-D72F-4987-B509-0F2FDC005017}
		{866594C3-13FB-4013-B822-9681BBFA5CDB} = {9C44B8BD-D72F-4987-B509-0F2FDC005017}
		{593FB045-1FCC-406F-84B3-EC0DB7ADF679} = {9C44B8BD-D72F-4987-B509-0F2FDC005017}
		{3843D1A5-C982-4BEB-B808-FA361211B3FD} = {9C44B8BD-D72F-4987-B509-0F2FDC005017}
		{7D55EBF3-E627-4858-A67A-62310C0AFF37} = {27B73CF5-D908-4F85-BFF6-99EFD25EC03B}
		{FC49A044-CE41-40BF-8409-02409EA6103F} = {7D55EBF3-E627-4858-A67A-62310C0AFF37}
		{975EF158-52E1-4F6A-9AAE-D50966A32ADE} = {7D55EBF3-E627-4858-A67A-62310C0AFF37}
		{A4607878-0BE0-4C4D-AEB2-A29AD9186CC4} = {840488F6-3D56-44F8-ABF5-00F0EEA184F4}
		{4510E546-A2BB-4B0F-BF3B-DEC66A36C8AB} = {A4607878-0BE0-4C4D-AEB2-A29AD9186CC4}
		{221AC9C1-DC96-416C-A1BE-8E21708AD7E9} = {A4607878-0BE0-4C4D-AEB2-A29AD9186CC4}
		{8F9A09A8-A13C-48EF-B0D7-AF5801456E9D} = {A4607878-0BE0-4C4D-AEB2-A29AD9186CC4}
		{E23F4D78-B671-4D51-B567-00281970B437} = {A4607878-0BE0-4C4D-AEB2-A29AD9186CC4}
		{1B5603D1-00CB-4025-93C4-71C80D078D21} = {A4607878-0BE0-4C4D-AEB2-A29AD9186CC4}
		{7DF5347E-A527-4951-9121-EAD9C5C08453} = {A4607878-0BE0-4C4D-AEB2-A29AD9186CC4}
		{4FABA2C6-5615-4B61-840D-CC82D9F9A48F} = {A4607878-0BE0-4C4D-AEB2-A29AD9186CC4}
		{E5AF49AF-2E08-44D3-8B94-75FCFED2E5F1} = {A4607878-0BE0-4C4D-AEB2-A29AD9186CC4}
		{08562AD1-636E-492C-AE9D-B6B915C1B34B} = {A4607878-0BE0-4C4D-AEB2-A29AD9186CC4}
		{8DC593B1-1FF6-4043-A261-590020DBC0A9} = {A4607878-0BE0-4C4D-AEB2-A29AD9186CC4}
	EndGlobalSection
EndGlobal
